
Microsoft Visual Studio Solution File, Format Version 12.00
# Visual Studio Version 17
VisualStudioVersion = 17.2.32516.85
MinimumVisualStudioVersion = 10.0.40219.1
Project("{FAE04EC0-301F-11D3-BF4B-00C04F79EFBC}") = "CodigoDojo2", "CodigoDojo2.csproj", "{32E8E238-901F-4539-B8D8-407600FB17E1}"
EndProject
Project("{FAE04EC0-301F-11D3-BF4B-00C04F79EFBC}") = "CodignDojo2.Tests", "..\CodignDojo2.Tests\CodignDojo2.Tests.csproj", "{BF82F5BC-DC57-4F1C-B34B-6C17C9C90EC5}"
EndProject
Global
	GlobalSection(SolutionConfigurationPlatforms) = preSolution
		Debug|Any CPU = Debug|Any CPU
		Release|Any CPU = Release|Any CPU
	EndGlobalSection
	GlobalSection(ProjectConfigurationPlatforms) = postSolution
		{32E8E238-901F-4539-B8D8-407600FB17E1}.Debug|Any CPU.ActiveCfg = Debug|Any CPU
		{32E8E238-901F-4539-B8D8-407600FB17E1}.Debug|Any CPU.Build.0 = Debug|Any CPU
		{32E8E238-901F-4539-B8D8-407600FB17E1}.Release|Any CPU.ActiveCfg = Release|Any CPU
		{32E8E238-901F-4539-B8D8-407600FB17E1}.Release|Any CPU.Build.0 = Release|Any CPU
		{BF82F5BC-DC57-4F1C-B34B-6C17C9C90EC5}.Debug|Any CPU.ActiveCfg = Debug|Any CPU
		{BF82F5BC-DC57-4F1C-B34B-6C17C9C90EC5}.Debug|Any CPU.Build.0 = Debug|Any CPU
		{BF82F5BC-DC57-4F1C-B34B-6C17C9C90EC5}.Release|Any CPU.ActiveCfg = Release|Any CPU
		{BF82F5BC-DC57-4F1C-B34B-6C17C9C90EC5}.Release|Any CPU.Build.0 = Release|Any CPU
	EndGlobalSection
	GlobalSection(SolutionProperties) = preSolution
		HideSolutionNode = FALSE
	EndGlobalSection
	GlobalSection(ExtensibilityGlobals) = postSolution
		SolutionGuid = {9291968C-8072-4B02-9C51-645EA8B1DB38}
	EndGlobalSection
EndGlobal
